{
  "name": "teamspec",
  "version": "4.0.0",
  "lockfileVersion": 3,
  "requires": true,
  "packages": {
    "": {
      "name": "teamspec",
      "version": "4.0.0",
      "license": "MIT",
      "bin": {
        "teamspec": "bin/teamspec-init.js"
      },
      "engines": {
        "node": ">=14.0.0"
      }
    }
  }
}
